# THIS IS AN AUTOGENERATED FILE. DO NOT EDIT THIS FILE DIRECTLY.
# yarn lockfile v1


lodash@4.16.2:
  version "4.16.2"
  resolved "https://registry.yarnpkg.com/lodash/-/lodash-4.16.2.tgz#3e626db827048a699281a8a125226326cfc0e652"

powerbi-visuals-utils-dataviewutils@1.0.1:
  version "1.0.1"
  resolved "https://registry.yarnpkg.com/powerbi-visuals-utils-dataviewutils/-/powerbi-visuals-utils-dataviewutils-1.0.1.tgz#1a337e5fa249e36d48be653ea1092b6afbfcd643"
  dependencies:
    lodash "4.16.2"
